// !$*UTF8*$!
{
	archiveVersion = 1;
	classes = {
	};
	objectVersion = 46;
	objects = {

/* Begin PBXBuildFile section */
		F1B9476C1E2F35130073FAE8 /* AppDelegate.swift in Sources */ = {isa = PBXBuildFile; fileRef = F1B9476B1E2F35130073FAE8 /* AppDelegate.swift */; };
		F1B9476E1E2F35130073FAE8 /* ViewController.swift in Sources */ = {isa = PBXBuildFile; fileRef = F1B9476D1E2F35130073FAE8 /* ViewController.swift */; };
		F1B947711E2F35130073FAE8 /* Main.storyboard in Resources */ = {isa = PBXBuildFile; fileRef = F1B9476F1E2F35130073FAE8 /* Main.storyboard */; };
		F1B947731E2F35140073FAE8 /* Assets.xcassets in Resources */ = {isa = PBXBuildFile; fileRef = F1B947721E2F35140073FAE8 /* Assets.xcassets */; };
		F1B947761E2F35140073FAE8 /* LaunchScreen.storyboard in Resources */ = {isa = PBXBuildFile; fileRef = F1B947741E2F35140073FAE8 /* LaunchScreen.storyboard */; };
		F1B9477E1E2F36F80073FAE8 /* CashTextFieldDelegate.swift in Sources */ = {isa = PBXBuildFile; fileRef = F1B9477D1E2F36F80073FAE8 /* CashTextFieldDelegate.swift */; };
		F1B947801E2F373C0073FAE8 /* ZipCodeTextFieldDelegate.swift in Sources */ = {isa = PBXBuildFile; fileRef = F1B9477F1E2F373C0073FAE8 /* ZipCodeTextFieldDelegate.swift */; };
		F1B947821E2F376C0073FAE8 /* RandomColorTextFieldDelegate.swift in Sources */ = {isa = PBXBuildFile; fileRef = F1B947811E2F376C0073FAE8 /* RandomColorTextFieldDelegate.swift */; };
/* End PBXBuildFile section */

/* Begin PBXFileReference section */
		F1B947681E2F35130073FAE8 /* ChallangeApps.app */ = {isa = PBXFileReference; explicitFileType = wrapper.application; includeInIndex = 0; path = ChallangeApps.app; sourceTree = BUILT_PRODUCTS_DIR; };
		F1B9476B1E2F35130073FAE8 /* AppDelegate.swift */ = {isa = PBXFileReference; lastKnownFileType = sourcecode.swift; path = AppDelegate.swift; sourceTree = "<group>"; };
		F1B9476D1E2F35130073FAE8 /* ViewController.swift */ = {isa = PBXFileReference; lastKnownFileType = sourcecode.swift; path = ViewController.swift; sourceTree = "<group>"; };
		F1B947701E2F35130073FAE8 /* Base */ = {isa = PBXFileReference; lastKnownFileType = file.storyboard; name = Base; path = Base.lproj/Main.storyboard; sourceTree = "<group>"; };
		F1B947721E2F35140073FAE8 /* Assets.xcassets */ = {isa = PBXFileReference; lastKnownFileType = folder.assetcatalog; path = Assets.xcassets; sourceTree = "<group>"; };
		F1B947751E2F35140073FAE8 /* Base */ = {isa = PBXFileReference; lastKnownFileType = file.storyboard; name = Base; path = Base.lproj/LaunchScreen.storyboard; sourceTree = "<group>"; };
		F1B947771E2F35140073FAE8 /* Info.plist */ = {isa = PBXFileReference; lastKnownFileType = text.plist.xml; path = Info.plist; sourceTree = "<group>"; };
		F1B9477D1E2F36F80073FAE8 /* CashTextFieldDelegate.swift */ = {isa = PBXFileReference; fileEncoding = 4; lastKnownFileType = sourcecode.swift; path = CashTextFieldDelegate.swift; sourceTree = "<group>"; };
		F1B9477F1E2F373C0073FAE8 /* ZipCodeTextFieldDelegate.swift */ = {isa = PBXFileReference; fileEncoding = 4; lastKnownFileType = sourcecode.swift; path = ZipCodeTextFieldDelegate.swift; sourceTree = "<group>"; };
		F1B947811E2F376C0073FAE8 /* RandomColorTextFieldDelegate.swift */ = {isa = PBXFileReference; fileEncoding = 4; lastKnownFileType = sourcecode.swift; path = RandomColorTextFieldDelegate.swift; sourceTree = "<group>"; };
/* End PBXFileReference section */

/* Begin PBXFrameworksBuildPhase section */
		F1B947651E2F35130073FAE8 /* Frameworks */ = {
			isa = PBXFrameworksBuildPhase;
			buildActionMask = 2147483647;
			files = (
			);
			runOnlyForDeploymentPostprocessing = 0;
		};
/* End PBXFrameworksBuildPhase section */

/* Begin PBXGroup section */
		F1B9475F1E2F35130073FAE8 = {
			isa = PBXGroup;
			children = (
				F1B9476A1E2F35130073FAE8 /* ChallangeApps */,
				F1B947691E2F35130073FAE8 /* Products */,
			);
			sourceTree = "<group>";
		};
		F1B947691E2F35130073FAE8 /* Products */ = {
			isa = PBXGroup;
			children = (
				F1B947681E2F35130073FAE8 /* ChallangeApps.app */,
			);
			name = Products;
			sourceTree = "<group>";
		};
		F1B9476A1E2F35130073FAE8 /* ChallangeApps */ = {
			isa = PBXGroup;
			children = (
				F1B9476B1E2F35130073FAE8 /* AppDelegate.swift */,
				F1B9476D1E2F35130073FAE8 /* ViewController.swift */,
				F1B9476F1E2F35130073FAE8 /* Main.storyboard */,
				F1B947721E2F35140073FAE8 /* Assets.xcassets */,
				F1B947741E2F35140073FAE8 /* LaunchScreen.storyboard */,
				F1B947771E2F35140073FAE8 /* Info.plist */,
				F1B9477D1E2F36F80073FAE8 /* CashTextFieldDelegate.swift */,
				F1B9477F1E2F373C0073FAE8 /* ZipCodeTextFieldDelegate.swift */,
				F1B947811E2F376C0073FAE8 /* RandomColorTextFieldDelegate.swift */,
			);
			path = ChallangeApps;
			sourceTree = "<group>";
		};
/* End PBXGroup section */

/* Begin PBXNativeTarget section */
		F1B947671E2F35130073FAE8 /* ChallangeApps */ = {
			isa = PBXNativeTarget;
			buildConfigurationList = F1B9477A1E2F35140073FAE8 /* Build configuration list for PBXNativeTarget "ChallangeApps" */;
			buildPhases = (
				F1B947641E2F35130073FAE8 /* Sources */,
				F1B947651E2F35130073FAE8 /* Frameworks */,
				F1B947661E2F35130073FAE8 /* Resources */,
			);
			buildRules = (
			);
			dependencies = (
			);
			name = ChallangeApps;
			productName = ChallangeApps;
			productReference = F1B947681E2F35130073FAE8 /* ChallangeApps.app */;
			productType = "com.apple.product-type.application";
		};
/* End PBXNativeTarget section */

/* Begin PBXProject section */
		F1B947601E2F35130073FAE8 /* Project object */ = {
			isa = PBXProject;
			attributes = {
				LastSwiftUpdateCheck = 0820;
				LastUpgradeCheck = 0820;
				ORGANIZATIONNAME = udacity;
				TargetAttributes = {
					F1B947671E2F35130073FAE8 = {
						CreatedOnToolsVersion = 8.2.1;
						ProvisioningStyle = Automatic;
					};
				};
			};
			buildConfigurationList = F1B947631E2F35130073FAE8 /* Build configuration list for PBXProject "ChallangeApps" */;
			compatibilityVersion = "Xcode 3.2";
			developmentRegion = English;
			hasScannedForEncodings = 0;
			knownRegions = (
				en,
				Base,
			);
			mainGroup = F1B9475F1E2F35130073FAE8;
			productRefGroup = F1B947691E2F35130073FAE8 /* Products */;
			projectDirPath = "";
			projectRoot = "";
			targets = (
				F1B947671E2F35130073FAE8 /* ChallangeApps */,
			);
		};
/* End PBXProject section */

/* Begin PBXResourcesBuildPhase section */
		F1B947661E2F35130073FAE8 /* Resources */ = {
			isa = PBXResourcesBuildPhase;
			buildActionMask = 2147483647;
			files = (
				F1B947761E2F35140073FAE8 /* LaunchScreen.storyboard in Resources */,
				F1B947731E2F35140073FAE8 /* Assets.xcassets in Resources */,
				F1B947711E2F35130073FAE8 /* Main.storyboard in Resources */,
			);
			runOnlyForDeploymentPostprocessing = 0;
		};
/* End PBXResourcesBuildPhase section */

/* Begin PBXSourcesBuildPhase section */
		F1B947641E2F35130073FAE8 /* Sources */ = {
			isa = PBXSourcesBuildPhase;
			buildActionMask = 2147483647;
			files = (
				F1B9476E1E2F35130073FAE8 /* ViewController.swift in Sources */,
				F1B9477E1E2F36F80073FAE8 /* CashTextFieldDelegate.swift in Sources */,
				F1B9476C1E2F35130073FAE8 /* AppDelegate.swift in Sources */,
				F1B947801E2F373C0073FAE8 /* ZipCodeTextFieldDelegate.swift in Sources */,
				F1B947821E2F376C0073FAE8 /* RandomColorTextFieldDelegate.swift in Sources */,
			);
			runOnlyForDeploymentPostprocessing = 0;
		};
/* End PBXSourcesBuildPhase section */

/* Begin PBXVariantGroup section */
		F1B9476F1E2F35130073FAE8 /* Main.storyboard */ = {
			isa = PBXVariantGroup;
			children = (
				F1B947701E2F35130073FAE8 /* Base */,
			);
			name = Main.storyboard;
			sourceTree = "<group>";
		};
		F1B947741E2F35140073FAE8 /* LaunchScreen.storyboard */ = {
			isa = PBXVariantGroup;
			children = (
				F1B947751E2F35140073FAE8 /* Base */,
			);
			name = LaunchScreen.storyboard;
			sourceTree = "<group>";
		};
/* End PBXVariantGroup section */

/* Begin XCBuildConfiguration section */
		F1B947781E2F35140073FAE8 /* Debug */ = {
			isa = XCBuildConfiguration;
			buildSettings = {
				ALWAYS_SEARCH_USER_PATHS = NO;
				CLANG_ANALYZER_NONNULL = YES;
				CLANG_CXX_LANGUAGE_STANDARD = "gnu++0x";
				CLANG_CXX_LIBRARY = "libc++";
				CLANG_ENABLE_MODULES = YES;
				CLANG_ENABLE_OBJC_ARC = YES;
				CLANG_WARN_BOOL_CONVERSION = YES;
				CLANG_WARN_CONSTANT_CONVERSION = YES;
				CLANG_WARN_DIRECT_OBJC_ISA_USAGE = YES_ERROR;
				CLANG_WARN_DOCUMENTATION_COMMENTS = YES;
				CLANG_WARN_EMPTY_BODY = YES;
				CLANG_WARN_ENUM_CONVERSION = YES;
				CLANG_WARN_INFINITE_RECURSION = YES;
				CLANG_WARN_INT_CONVERSION = YES;
				CLANG_WARN_OBJC_ROOT_CLASS = YES_ERROR;
				CLANG_WARN_SUSPICIOUS_MOVE = YES;
				CLANG_WARN_UNREACHABLE_CODE = YES;
				CLANG_WARN__DUPLICATE_METHOD_MATCH = YES;
				"CODE_SIGN_IDENTITY[sdk=iphoneos*]" = "iPhone Developer";
				COPY_PHASE_STRIP = NO;
				DEBUG_INFORMATION_FORMAT = dwarf;
				ENABLE_STRICT_OBJC_MSGSEND = YES;
				ENABLE_TESTABILITY = YES;
				GCC_C_LANGUAGE_STANDARD = gnu99;
				GCC_DYNAMIC_NO_PIC = NO;
				GCC_NO_COMMON_BLOCKS = YES;
				GCC_OPTIMIZATION_LEVEL = 0;
				GCC_PREPROCESSOR_DEFINITIONS = (
					"DEBUG=1",
					"$(inherited)",
				);
				GCC_WARN_64_TO_32_BIT_CONVERSION = YES;
				GCC_WARN_ABOUT_RETURN_TYPE = YES_ERROR;
				GCC_WARN_UNDECLARED_SELECTOR = YES;
				GCC_WARN_UNINITIALIZED_AUTOS = YES_AGGRESSIVE;
				GCC_WARN_UNUSED_FUNCTION = YES;
				GCC_WARN_UNUSED_VARIABLE = YES;
				IPHONEOS_DEPLOYMENT_TARGET = 10.2;
				MTL_ENABLE_DEBUG_INFO = YES;
				ONLY_ACTIVE_ARCH = YES;
				SDKROOT = iphoneos;
				SWIFT_ACTIVE_COMPILATION_CONDITIONS = DEBUG;
				SWIFT_OPTIMIZATION_LEVEL = "-Onone";
				TARGETED_DEVICE_FAMILY = "1,2";
			};
			name = Debug;
		};
		F1B947791E2F35140073FAE8 /* Release */ = {
			isa = XCBuildConfiguration;
			buildSettings = {
				ALWAYS_SEARCH_USER_PATHS = NO;
				CLANG_ANALYZER_NONNULL = YES;
				CLANG_CXX_LANGUAGE_STANDARD = "gnu++0x";
				CLANG_CXX_LIBRARY = "libc++";
				CLANG_ENABLE_MODULES = YES;
				CLANG_ENABLE_OBJC_ARC = YES;
				CLANG_WARN_BOOL_CONVERSION = YES;
				CLANG_WARN_CONSTANT_CONVERSION = YES;
				CLANG_WARN_DIRECT_OBJC_ISA_USAGE = YES_ERROR;
				CLANG_WARN_DOCUMENTATION_COMMENTS = YES;
				CLANG_WARN_EMPTY_BODY = YES;
				CLANG_WARN_ENUM_CONVERSION = YES;
				CLANG_WARN_INFINITE_RECURSION = YES;
				CLANG_WARN_INT_CONVERSION = YES;
				CLANG_WARN_OBJC_ROOT_CLASS = YES_ERROR;
				CLANG_WARN_SUSPICIOUS_MOVE = YES;
				CLANG_WARN_UNREACHABLE_CODE = YES;
				CLANG_WARN__DUPLICATE_METHOD_MATCH = YES;
				"CODE_SIGN_IDENTITY[sdk=iphoneos*]" = "iPhone Developer";
				COPY_PHASE_STRIP = NO;
				DEBUG_INFORMATION_FORMAT = "dwarf-with-dsym";
				ENABLE_NS_ASSERTIONS = NO;
				ENABLE_STRICT_OBJC_MSGSEND = YES;
				GCC_C_LANGUAGE_STANDARD = gnu99;
				GCC_NO_COMMON_BLOCKS = YES;
				GCC_WARN_64_TO_32_BIT_CONVERSION = YES;
				GCC_WARN_ABOUT_RETURN_TYPE = YES_ERROR;
				GCC_WARN_UNDECLARED_SELECTOR = YES;
				GCC_WARN_UNINITIALIZED_AUTOS = YES_AGGRESSIVE;
				GCC_WARN_UNUSED_FUNCTION = YES;
				GCC_WARN_UNUSED_VARIABLE = YES;
				IPHONEOS_DEPLOYMENT_TARGET = 10.2;
				MTL_ENABLE_DEBUG_INFO = NO;
				SDKROOT = iphoneos;
				SWIFT_OPTIMIZATION_LEVEL = "-Owholemodule";
				TARGETED_DEVICE_FAMILY = "1,2";
				VALIDATE_PRODUCT = YES;
			};
			name = Release;
		};
		F1B9477B1E2F35140073FAE8 /* Debug */ = {
			isa = XCBuildConfiguration;
			buildSettings = {
				ASSETCATALOG_COMPILER_APPICON_NAME = AppIcon;
				INFOPLIST_FILE = ChallangeApps/Info.plist;
				LD_RUNPATH_SEARCH_PATHS = "$(inherited) @executable_path/Frameworks";
				PRODUCT_BUNDLE_IDENTIFIER = com.udacity.ChallangeApps;
				PRODUCT_NAME = "$(TARGET_NAME)";
				SWIFT_VERSION = 3.0;
			};
			name = Debug;
		};
		F1B9477C1E2F35140073FAE8 /* Release */ = {
			isa = XCBuildConfiguration;
			buildSettings = {
				ASSETCATALOG_COMPILER_APPICON_NAME = AppIcon;
				INFOPLIST_FILE = ChallangeApps/Info.plist;
				LD_RUNPATH_SEARCH_PATHS = "$(inherited) @executable_path/Frameworks";
				PRODUCT_BUNDLE_IDENTIFIER = com.udacity.ChallangeApps;
				PRODUCT_NAME = "$(TARGET_NAME)";
				SWIFT_VERSION = 3.0;
			};
			name = Release;
		};
/* End XCBuildConfiguration section */

/* Begin XCConfigurationList section */
		F1B947631E2F35130073FAE8 /* Build configuration list for PBXProject "ChallangeApps" */ = {
			isa = XCConfigurationList;
			buildConfigurations = (
				F1B947781E2F35140073FAE8 /* Debug */,
				F1B947791E2F35140073FAE8 /* Release */,
			);
			defaultConfigurationIsVisible = 0;
			defaultConfigurationName = Release;
		};
		F1B9477A1E2F35140073FAE8 /* Build configuration list for PBXNativeTarget "ChallangeApps" */ = {
			isa = XCConfigurationList;
			buildConfigurations = (
				F1B9477B1E2F35140073FAE8 /* Debug */,
				F1B9477C1E2F35140073FAE8 /* Release */,
			);
			defaultConfigurationIsVisible = 0;
		};
/* End XCConfigurationList section */
	};
	rootObject = F1B947601E2F35130073FAE8 /* Project object */;
}
